<?xml version="1.0" encoding="utf-8"?>
<Project ToolsVersion="4.0" xmlns="http://schemas.microsoft.com/developer/msbuild/2003">
  <ItemGroup>
    <Filter Include="Resource Files">
      <UniqueIdentifier>{67DA6AB6-F800-4c08-8B7A-83BB121AAD01}</UniqueIdentifier>
      <Extensions>rc;ico;cur;bmp;dlg;rc2;rct;bin;rgs;gif;jpg;jpeg;jpe;resx;tiff;tif;png;wav;mfcribbon-ms</Extensions>
    </Filter>
    <Filter Include="Helpers">
      <UniqueIdentifier>{82b8ee9e-10de-4d32-ae1a-6ddd06252f63}</UniqueIdentifier>
    </Filter>
    <Filter Include="InputClasses">
      <UniqueIdentifier>{b83e8ac2-c068-46c7-ab72-a24a1fe45045}</UniqueIdentifier>
    </Filter>
    <Filter Include="Helpers\Resource helpers">
      <UniqueIdentifier>{d740721b-f2b7-4575-8859-c20bc72ae4b3}</UniqueIdentifier>
    </Filter>
    <Filter Include="Engine Files">
      <UniqueIdentifier>{93995380-89BD-4b04-88EB-625FBE52EBFB}</UniqueIdentifier>
      <Extensions>h;hh;hpp;hxx;hm;inl;inc;xsd</Extensions>
    </Filter>
    <Filter Include="Scene">
      <UniqueIdentifier>{bcf00b29-3bcc-447a-9e33-db56ac0cba0e}</UniqueIdentifier>
    </Filter>
    <Filter Include="Object Files">
      <UniqueIdentifier>{4FC737F1-C7A5-4376-A066-2A32D752A2FF}</UniqueIdentifier>
      <Extensions>cpp;c;cc;cxx;def;odl;idl;hpj;bat;asm;asmx</Extensions>
    </Filter>
    <Filter Include="Object Files\Components">
      <UniqueIdentifier>{9ca76519-aac8-4d2d-ada5-5069ff014a63}</UniqueIdentifier>
    </Filter>
    <Filter Include="Object Files\Components\Component Subclasses">
      <UniqueIdentifier>{06ac49bc-b822-452d-9fa0-9826c16bd212}</UniqueIdentifier>
    </Filter>
    <Filter Include="Helpers\Services">
      <UniqueIdentifier>{49887e9c-25da-428b-be41-59db99925812}</UniqueIdentifier>
    </Filter>
  </ItemGroup>
  <ItemGroup>
    <ClInclude Include="Singleton.h">
      <Filter>Helpers</Filter>
    </ClInclude>
    <ClInclude Include="InputCommandLinker.h">
      <Filter>InputClasses</Filter>
    </ClInclude>
    <ClInclude Include="ResourceManager.h">
      <Filter>Helpers\Resource helpers</Filter>
    </ClInclude>
    <ClInclude Include="Texture2D.h">
      <Filter>Helpers\Resource helpers</Filter>
    </ClInclude>
    <ClInclude Include="Font.h">
      <Filter>Helpers\Resource helpers</Filter>
    </ClInclude>
    <ClInclude Include="Minigin.h">
      <Filter>Engine Files</Filter>
    </ClInclude>
    <ClInclude Include="Renderer.h">
      <Filter>Engine Files</Filter>
    </ClInclude>
    <ClInclude Include="SceneManager.h">
      <Filter>Scene</Filter>
    </ClInclude>
    <ClInclude Include="Scene.h">
      <Filter>Scene</Filter>
    </ClInclude>
    <ClInclude Include="GameObject.h">
      <Filter>Object Files</Filter>
    </ClInclude>
    <ClInclude Include="Component.h">
      <Filter>Object Files\Components</Filter>
    </ClInclude>
    <ClInclude Include="TextComponent.h">
      <Filter>Object Files\Components\Component Subclasses</Filter>
    </ClInclude>
    <ClInclude Include="TextureComponent.h">
      <Filter>Object Files\Components\Component Subclasses</Filter>
    </ClInclude>
    <ClInclude Include="FPSComponent.h">
      <Filter>Object Files\Components\Component Subclasses</Filter>
    </ClInclude>
    <ClInclude Include="InputCommands.h">
      <Filter>InputClasses</Filter>
    </ClInclude>
    <ClInclude Include="Controller.h">
      <Filter>InputClasses</Filter>
    </ClInclude>
    <ClInclude Include="Keyboard.h">
      <Filter>InputClasses</Filter>
    </ClInclude>
    <ClInclude Include="Observer.h">
      <Filter>Helpers</Filter>
    </ClInclude>
    <ClInclude Include="StatusComponent.h">
      <Filter>Object Files\Components\Component Subclasses</Filter>
    </ClInclude>
    <ClInclude Include="UILinkingComponent.h">
      <Filter>Object Files\Components\Component Subclasses</Filter>
    </ClInclude>
    <ClInclude Include="TimerComponent.h">
      <Filter>Object Files\Components\Component Subclasses</Filter>
    </ClInclude>
    <ClInclude Include="TimeService.h">
      <Filter>Helpers\Services</Filter>
    </ClInclude>
    <ClInclude Include="ServiceLocator.h">
      <Filter>Helpers\Services</Filter>
    </ClInclude>
    <ClInclude Include="SoundSystemService.h">
      <Filter>Helpers\Services</Filter>
    </ClInclude>
  </ItemGroup>
  <ItemGroup>
    <ClCompile Include="InputCommandLinker.cpp">
      <Filter>InputClasses</Filter>
    </ClCompile>
    <ClCompile Include="ResourceManager.cpp">
      <Filter>Helpers\Resource helpers</Filter>
    </ClCompile>
    <ClCompile Include="Texture2D.cpp">
      <Filter>Helpers\Resource helpers</Filter>
    </ClCompile>
    <ClCompile Include="Font.cpp">
      <Filter>Helpers\Resource helpers</Filter>
    </ClCompile>
    <ClCompile Include="Minigin.cpp">
      <Filter>Engine Files</Filter>
    </ClCompile>
    <ClCompile Include="Renderer.cpp">
      <Filter>Engine Files</Filter>
    </ClCompile>
    <ClCompile Include="SceneManager.cpp">
      <Filter>Scene</Filter>
    </ClCompile>
    <ClCompile Include="Scene.cpp">
      <Filter>Scene</Filter>
    </ClCompile>
    <ClCompile Include="GameObject.cpp">
      <Filter>Object Files</Filter>
    </ClCompile>
    <ClCompile Include="TextComponent.cpp">
      <Filter>Object Files\Components\Component Subclasses</Filter>
    </ClCompile>
    <ClCompile Include="TextureComponent.cpp">
      <Filter>Object Files\Components\Component Subclasses</Filter>
    </ClCompile>
    <ClCompile Include="FPSComponent.cpp">
      <Filter>Object Files\Components\Component Subclasses</Filter>
    </ClCompile>
    <ClCompile Include="Controller.cpp">
      <Filter>InputClasses</Filter>
    </ClCompile>
    <ClCompile Include="Keyboard.cpp">
      <Filter>InputClasses</Filter>
    </ClCompile>
    <ClCompile Include="Observer.cpp">
      <Filter>Helpers</Filter>
    </ClCompile>
    <ClCompile Include="StatusComponent.cpp">
      <Filter>Object Files\Components\Component Subclasses</Filter>
    </ClCompile>
    <ClCompile Include="UILinkingComponent.cpp">
      <Filter>Object Files\Components\Component Subclasses</Filter>
    </ClCompile>
    <ClCompile Include="TimerComponent.cpp">
      <Filter>Object Files\Components\Component Subclasses</Filter>
    </ClCompile>
    <ClCompile Include="TimeService.cpp">
      <Filter>Helpers\Services</Filter>
    </ClCompile>
    <ClCompile Include="ServiceLocator.cpp">
      <Filter>Helpers\Services</Filter>
    </ClCompile>
    <ClCompile Include="SoundSystemService.cpp">
      <Filter>Helpers\Services</Filter>
    </ClCompile>
  </ItemGroup>
</Project>