<?xml version="1.0" encoding="utf-8"?>
<Project ToolsVersion="4.0" xmlns="http://schemas.microsoft.com/developer/msbuild/2003">
  <ItemGroup>
    <Filter Include="Game Files">
      <UniqueIdentifier>{4FC737F1-C7A5-4376-A066-2A32D752A2FF}</UniqueIdentifier>
      <Extensions>cpp;c;cc;cxx;c++;cppm;ixx;def;odl;idl;hpj;bat;asm;asmx</Extensions>
    </Filter>
    <Filter Include="Engine Extensions">
      <UniqueIdentifier>{9729a55f-4a32-49c2-9a5b-51747eb13b32}</UniqueIdentifier>
    </Filter>
    <Filter Include="States">
      <UniqueIdentifier>{1c6747f5-17ec-4064-89b9-3981786efe51}</UniqueIdentifier>
    </Filter>
    <Filter Include="CollisionSystem">
      <UniqueIdentifier>{1f3118fa-a399-4883-aed3-bbe10ac3c895}</UniqueIdentifier>
    </Filter>
  </ItemGroup>
  <ItemGroup>
    <ClCompile Include="Bomberman.cpp">
      <Filter>Game Files</Filter>
    </ClCompile>
    <ClCompile Include="GameStates.cpp">
      <Filter>States</Filter>
    </ClCompile>
    <ClCompile Include="GameStateManagingComponent.h">
      <Filter>States</Filter>
    </ClCompile>
    <ClCompile Include="ColliderComponent.cpp">
      <Filter>CollisionSystem</Filter>
    </ClCompile>
    <ClCompile Include="CollisionSystem.cpp">
      <Filter>CollisionSystem</Filter>
    </ClCompile>
    <ClCompile Include="BombController.cpp">
      <Filter>Game Files</Filter>
    </ClCompile>
  </ItemGroup>
  <ItemGroup>
    <ClInclude Include="BombCommand.h">
      <Filter>Engine Extensions</Filter>
    </ClInclude>
    <ClInclude Include="GameStates.h">
      <Filter>States</Filter>
    </ClInclude>
    <ClInclude Include="StateManager.h">
      <Filter>States</Filter>
    </ClInclude>
    <ClInclude Include="CollisionSystem.h">
      <Filter>CollisionSystem</Filter>
    </ClInclude>
    <ClInclude Include="ColliderComponent.h">
      <Filter>CollisionSystem</Filter>
    </ClInclude>
    <ClInclude Include="RespawnBombermanCommand.h">
      <Filter>Engine Extensions</Filter>
    </ClInclude>
    <ClInclude Include="BombController.h">
      <Filter>Game Files</Filter>
    </ClInclude>
  </ItemGroup>
</Project>