<?xml version="1.0" encoding="utf-8"?>
<Project ToolsVersion="4.0" xmlns="http://schemas.microsoft.com/developer/msbuild/2003">
  <ItemGroup>
    <Filter Include="Game Files">
      <UniqueIdentifier>{4FC737F1-C7A5-4376-A066-2A32D752A2FF}</UniqueIdentifier>
      <Extensions>cpp;c;cc;cxx;c++;cppm;ixx;def;odl;idl;hpj;bat;asm;asmx</Extensions>
    </Filter>
    <Filter Include="Engine Extensions">
      <UniqueIdentifier>{9729a55f-4a32-49c2-9a5b-51747eb13b32}</UniqueIdentifier>
    </Filter>
    <Filter Include="States">
      <UniqueIdentifier>{1c6747f5-17ec-4064-89b9-3981786efe51}</UniqueIdentifier>
    </Filter>
    <Filter Include="CollisionSystem">
      <UniqueIdentifier>{1f3118fa-a399-4883-aed3-bbe10ac3c895}</UniqueIdentifier>
    </Filter>
    <Filter Include="Engine Extensions\Components">
      <UniqueIdentifier>{ce07c2d5-4a3f-499a-89cb-ce26ac612100}</UniqueIdentifier>
    </Filter>
    <Filter Include="Engine Extensions\Commands">
      <UniqueIdentifier>{02cc4b01-0379-43ac-b5b0-651f5100cb5e}</UniqueIdentifier>
    </Filter>
    <Filter Include="States\Game">
      <UniqueIdentifier>{e55cacac-c39c-422f-bb43-5e8c5adb1c58}</UniqueIdentifier>
    </Filter>
    <Filter Include="States\Enemy">
      <UniqueIdentifier>{f302f537-4a00-496e-8bbf-7a88ad1beabf}</UniqueIdentifier>
    </Filter>
    <Filter Include="HighscoreSaving">
      <UniqueIdentifier>{6bd02d88-69ee-4711-9c9e-85168321a2b3}</UniqueIdentifier>
    </Filter>
    <Filter Include="Controllers">
      <UniqueIdentifier>{48befc51-8e3c-4186-b880-d02fafcb29fe}</UniqueIdentifier>
    </Filter>
    <Filter Include="Loader">
      <UniqueIdentifier>{992b4541-2d0d-4df9-9b65-43f74543d52a}</UniqueIdentifier>
    </Filter>
  </ItemGroup>
  <ItemGroup>
    <ClCompile Include="Bomberman.cpp">
      <Filter>Game Files</Filter>
    </ClCompile>
    <ClCompile Include="ColliderComponent.cpp">
      <Filter>CollisionSystem</Filter>
    </ClCompile>
    <ClCompile Include="CollisionSystem.cpp">
      <Filter>CollisionSystem</Filter>
    </ClCompile>
    <ClCompile Include="DataComponent.cpp">
      <Filter>Engine Extensions\Components</Filter>
    </ClCompile>
    <ClCompile Include="UILinkingComponent.cpp">
      <Filter>Engine Extensions\Components</Filter>
    </ClCompile>
    <ClCompile Include="GameStates.cpp">
      <Filter>States\Game</Filter>
    </ClCompile>
    <ClCompile Include="StateComponent.h">
      <Filter>States</Filter>
    </ClCompile>
    <ClCompile Include="EnemyStateInterface.cpp">
      <Filter>States\Enemy</Filter>
    </ClCompile>
    <ClCompile Include="HighscoreData.cpp">
      <Filter>HighscoreSaving</Filter>
    </ClCompile>
    <ClCompile Include="StartMenuState.cpp">
      <Filter>States\Game</Filter>
    </ClCompile>
    <ClCompile Include="LevelState.cpp">
      <Filter>States\Game</Filter>
    </ClCompile>
    <ClCompile Include="LevelLoadingState.cpp">
      <Filter>States\Game</Filter>
    </ClCompile>
    <ClCompile Include="LevelLostState.cpp">
      <Filter>States\Game</Filter>
    </ClCompile>
    <ClCompile Include="LevelWonState.cpp">
      <Filter>States\Game</Filter>
    </ClCompile>
    <ClCompile Include="GameOverState.cpp">
      <Filter>States\Game</Filter>
    </ClCompile>
    <ClCompile Include="GameWonState.cpp">
      <Filter>States\Game</Filter>
    </ClCompile>
    <ClCompile Include="ControlsMenuState.cpp">
      <Filter>States\Game</Filter>
    </ClCompile>
    <ClCompile Include="HighScoreState.cpp">
      <Filter>States\Game</Filter>
    </ClCompile>
    <ClCompile Include="BombController.cpp">
      <Filter>Controllers</Filter>
    </ClCompile>
    <ClCompile Include="EnemyController.cpp">
      <Filter>Controllers</Filter>
    </ClCompile>
    <ClCompile Include="ChasingBehaviour.cpp">
      <Filter>States\Enemy</Filter>
    </ClCompile>
    <ClCompile Include="LevelLoader.cpp">
      <Filter>Loader</Filter>
    </ClCompile>
    <ClCompile Include="GameModeSelectState.cpp">
      <Filter>States\Game</Filter>
    </ClCompile>
  </ItemGroup>
  <ItemGroup>
    <ClInclude Include="CollisionSystem.h">
      <Filter>CollisionSystem</Filter>
    </ClInclude>
    <ClInclude Include="ColliderComponent.h">
      <Filter>CollisionSystem</Filter>
    </ClInclude>
    <ClInclude Include="RespawnBombermanCommand.h">
      <Filter>Engine Extensions\Commands</Filter>
    </ClInclude>
    <ClInclude Include="BombCommands.h">
      <Filter>Engine Extensions\Commands</Filter>
    </ClInclude>
    <ClInclude Include="DataComponent.h">
      <Filter>Engine Extensions\Components</Filter>
    </ClInclude>
    <ClInclude Include="UILinkingComponent.h">
      <Filter>Engine Extensions\Components</Filter>
    </ClInclude>
    <ClInclude Include="GameStates.h">
      <Filter>States\Game</Filter>
    </ClInclude>
    <ClInclude Include="EnemyStateInterface.h">
      <Filter>States\Enemy</Filter>
    </ClInclude>
    <ClInclude Include="ConstantWalkingBehaviour.h">
      <Filter>States\Enemy</Filter>
    </ClInclude>
    <ClInclude Include="HighscoreData.h">
      <Filter>HighscoreSaving</Filter>
    </ClInclude>
    <ClInclude Include="BombController.h">
      <Filter>Controllers</Filter>
    </ClInclude>
    <ClInclude Include="EnemyController.h">
      <Filter>Controllers</Filter>
    </ClInclude>
    <ClInclude Include="ChasingBehaviour.h">
      <Filter>States\Enemy</Filter>
    </ClInclude>
    <ClInclude Include="LevelLoader.h">
      <Filter>Loader</Filter>
    </ClInclude>
  </ItemGroup>
</Project>